// !$*UTF8*$!
{
	archiveVersion = 1;
	classes = {
	};
	objectVersion = 46;
	objects = {

/* Begin PBXBuildFile section */
		22E88C6E180147CEBC686AC6 /* libPods.a in Frameworks */ = {isa = PBXBuildFile; fileRef = EF631199123C407D90581AC1 /* libPods.a */; };
		7697550519D5EC8000F467F0 /* MCSubscribeViewController.m in Sources */ = {isa = PBXBuildFile; fileRef = 7697550319D5EC8000F467F0 /* MCSubscribeViewController.m */; };
		76D33C0D19D604AD006E4020 /* PhoneField.m in Sources */ = {isa = PBXBuildFile; fileRef = 76D33C0C19D604AD006E4020 /* PhoneField.m */; };
		7CFD4ABC19D5BF0500005FE5 /* Images.xcassets in Resources */ = {isa = PBXBuildFile; fileRef = 7CFD4ABB19D5BF0500005FE5 /* Images.xcassets */; };
		7CFD4ACB19D5BF0500005FE5 /* MomConnectTests.m in Sources */ = {isa = PBXBuildFile; fileRef = 7CFD4ACA19D5BF0500005FE5 /* MomConnectTests.m */; };
		7CFD4AE419D5CD4200005FE5 /* AppDelegate.m in Sources */ = {isa = PBXBuildFile; fileRef = 7CFD4AD619D5CD4200005FE5 /* AppDelegate.m */; };
		7CFD4AE519D5CD4200005FE5 /* LaunchScreen.xib in Resources */ = {isa = PBXBuildFile; fileRef = 7CFD4AD819D5CD4200005FE5 /* LaunchScreen.xib */; };
		7CFD4AE619D5CD4200005FE5 /* Main.storyboard in Resources */ = {isa = PBXBuildFile; fileRef = 7CFD4ADA19D5CD4200005FE5 /* Main.storyboard */; };
		7CFD4AE719D5CD4200005FE5 /* Info.plist in Resources */ = {isa = PBXBuildFile; fileRef = 7CFD4ADF19D5CD4200005FE5 /* Info.plist */; };
		7CFD4AE819D5CD4200005FE5 /* main.m in Sources */ = {isa = PBXBuildFile; fileRef = 7CFD4AE019D5CD4200005FE5 /* main.m */; };
		7CFD4AEB19D5CDAA00005FE5 /* MCHomeViewController.m in Sources */ = {isa = PBXBuildFile; fileRef = 7CFD4AEA19D5CDAA00005FE5 /* MCHomeViewController.m */; };
		7CFD4AEE19D5CE4200005FE5 /* MCHomeViewLayout.m in Sources */ = {isa = PBXBuildFile; fileRef = 7CFD4AED19D5CE4200005FE5 /* MCHomeViewLayout.m */; };
		7CFD4AF119D5CF7C00005FE5 /* MCUtilities.m in Sources */ = {isa = PBXBuildFile; fileRef = 7CFD4AF019D5CF7C00005FE5 /* MCUtilities.m */; };
		7CFD4AF719D5D4CC00005FE5 /* MCHomeViewCell.m in Sources */ = {isa = PBXBuildFile; fileRef = 7CFD4AF619D5D4CC00005FE5 /* MCHomeViewCell.m */; };
		7CFD4AFD19D5DF5000005FE5 /* din_boldalternate.ttf in Resources */ = {isa = PBXBuildFile; fileRef = 7CFD4AFA19D5DF5000005FE5 /* din_boldalternate.ttf */; };
		7CFD4AFE19D5DF5000005FE5 /* din_mediumalternate.ttf in Resources */ = {isa = PBXBuildFile; fileRef = 7CFD4AFB19D5DF5000005FE5 /* din_mediumalternate.ttf */; };
		7CFD4AFF19D5DF5000005FE5 /* interstate_regular.ttf in Resources */ = {isa = PBXBuildFile; fileRef = 7CFD4AFC19D5DF5000005FE5 /* interstate_regular.ttf */; };
		7CFD4B0219D5E6F500005FE5 /* MCTipCreationViewController.m in Sources */ = {isa = PBXBuildFile; fileRef = 7CFD4B0119D5E6F500005FE5 /* MCTipCreationViewController.m */; };
		7CFD4B0A19D5EEDE00005FE5 /* MCBackNavigationButtonView.m in Sources */ = {isa = PBXBuildFile; fileRef = 7CFD4B0519D5EEDE00005FE5 /* MCBackNavigationButtonView.m */; };
		7CFD4B0B19D5EEDE00005FE5 /* MCBarButtonItemsFactory.m in Sources */ = {isa = PBXBuildFile; fileRef = 7CFD4B0719D5EEDE00005FE5 /* MCBarButtonItemsFactory.m */; };
		7CFD4B0C19D5EEDE00005FE5 /* MCNavigationBarManager.m in Sources */ = {isa = PBXBuildFile; fileRef = 7CFD4B0919D5EEDE00005FE5 /* MCNavigationBarManager.m */; };
		7CFD4B0F19D5EFE800005FE5 /* back_icon@2x.png in Resources */ = {isa = PBXBuildFile; fileRef = 7CFD4B0E19D5EFE800005FE5 /* back_icon@2x.png */; };
		7CFD4B1319D5FEFB00005FE5 /* MCDataCenter.m in Sources */ = {isa = PBXBuildFile; fileRef = 7CFD4B1219D5FEFB00005FE5 /* MCDataCenter.m */; };
		7CFD4B2019D5FF4100005FE5 /* NSObject+MKBlockAdditions.m in Sources */ = {isa = PBXBuildFile; fileRef = 7CFD4B1819D5FF4100005FE5 /* NSObject+MKBlockAdditions.m */; settings = {COMPILER_FLAGS = "-fno-objc-arc"; }; };
		7CFD4B2119D5FF4100005FE5 /* UIActionSheet+MKBlockAdditions.m in Sources */ = {isa = PBXBuildFile; fileRef = 7CFD4B1A19D5FF4100005FE5 /* UIActionSheet+MKBlockAdditions.m */; settings = {COMPILER_FLAGS = "-fno-objc-arc"; }; };
		7CFD4B2219D5FF4100005FE5 /* UIAlertView+MKBlockAdditions.m in Sources */ = {isa = PBXBuildFile; fileRef = 7CFD4B1C19D5FF4100005FE5 /* UIAlertView+MKBlockAdditions.m */; settings = {COMPILER_FLAGS = "-fno-objc-arc"; }; };
		7CFD4B2319D5FF4100005FE5 /* Reachability.m in Sources */ = {isa = PBXBuildFile; fileRef = 7CFD4B1F19D5FF4100005FE5 /* Reachability.m */; settings = {COMPILER_FLAGS = "-fno-objc-arc"; }; };
		7CFD4B2719D5FF7000005FE5 /* PSPDFUIKitMainThreadGuard.m in Sources */ = {isa = PBXBuildFile; fileRef = 7CFD4B2419D5FF7000005FE5 /* PSPDFUIKitMainThreadGuard.m */; };
		7CFD4B2819D5FF7000005FE5 /* UIView+Screenshot.m in Sources */ = {isa = PBXBuildFile; fileRef = 7CFD4B2619D5FF7000005FE5 /* UIView+Screenshot.m */; };
/* End PBXBuildFile section */

/* Begin PBXContainerItemProxy section */
		7CFD4AC519D5BF0500005FE5 /* PBXContainerItemProxy */ = {
			isa = PBXContainerItemProxy;
			containerPortal = 7CFD4AA319D5BF0500005FE5 /* Project object */;
			proxyType = 1;
			remoteGlobalIDString = 7CFD4AAA19D5BF0500005FE5;
			remoteInfo = MomConnect;
		};
/* End PBXContainerItemProxy section */

/* Begin PBXFileReference section */
		400BEC11E3F04839BD45D921 /* Pods.xcconfig */ = {isa = PBXFileReference; includeInIndex = 1; lastKnownFileType = text.xcconfig; name = Pods.xcconfig; path = Pods/Pods.xcconfig; sourceTree = "<group>"; };
		7697550219D5EC8000F467F0 /* MCSubscribeViewController.h */ = {isa = PBXFileReference; fileEncoding = 4; lastKnownFileType = sourcecode.c.h; path = MCSubscribeViewController.h; sourceTree = "<group>"; };
		7697550319D5EC8000F467F0 /* MCSubscribeViewController.m */ = {isa = PBXFileReference; fileEncoding = 4; lastKnownFileType = sourcecode.c.objc; path = MCSubscribeViewController.m; sourceTree = "<group>"; };
		76D33C0B19D604AD006E4020 /* PhoneField.h */ = {isa = PBXFileReference; fileEncoding = 4; lastKnownFileType = sourcecode.c.h; path = PhoneField.h; sourceTree = "<group>"; };
		76D33C0C19D604AD006E4020 /* PhoneField.m */ = {isa = PBXFileReference; fileEncoding = 4; lastKnownFileType = sourcecode.c.objc; path = PhoneField.m; sourceTree = "<group>"; };
		7CFD4AAB19D5BF0500005FE5 /* MomConnect.app */ = {isa = PBXFileReference; explicitFileType = wrapper.application; includeInIndex = 0; path = MomConnect.app; sourceTree = BUILT_PRODUCTS_DIR; };
		7CFD4ABB19D5BF0500005FE5 /* Images.xcassets */ = {isa = PBXFileReference; lastKnownFileType = folder.assetcatalog; path = Images.xcassets; sourceTree = "<group>"; };
		7CFD4AC419D5BF0500005FE5 /* MomConnectTests.xctest */ = {isa = PBXFileReference; explicitFileType = wrapper.cfbundle; includeInIndex = 0; path = MomConnectTests.xctest; sourceTree = BUILT_PRODUCTS_DIR; };
		7CFD4AC919D5BF0500005FE5 /* Info.plist */ = {isa = PBXFileReference; lastKnownFileType = text.plist.xml; path = Info.plist; sourceTree = "<group>"; };
		7CFD4ACA19D5BF0500005FE5 /* MomConnectTests.m */ = {isa = PBXFileReference; lastKnownFileType = sourcecode.c.objc; path = MomConnectTests.m; sourceTree = "<group>"; };
		7CFD4AD519D5CD4200005FE5 /* AppDelegate.h */ = {isa = PBXFileReference; fileEncoding = 4; lastKnownFileType = sourcecode.c.h; path = AppDelegate.h; sourceTree = "<group>"; };
		7CFD4AD619D5CD4200005FE5 /* AppDelegate.m */ = {isa = PBXFileReference; fileEncoding = 4; lastKnownFileType = sourcecode.c.objc; path = AppDelegate.m; sourceTree = "<group>"; };
		7CFD4AD919D5CD4200005FE5 /* Base */ = {isa = PBXFileReference; lastKnownFileType = file.xib; name = Base; path = LaunchScreen.xib; sourceTree = "<group>"; };
		7CFD4ADB19D5CD4200005FE5 /* Base */ = {isa = PBXFileReference; lastKnownFileType = file.storyboard; name = Base; path = Main.storyboard; sourceTree = "<group>"; };
		7CFD4ADF19D5CD4200005FE5 /* Info.plist */ = {isa = PBXFileReference; fileEncoding = 4; lastKnownFileType = text.plist.xml; path = Info.plist; sourceTree = "<group>"; };
		7CFD4AE019D5CD4200005FE5 /* main.m */ = {isa = PBXFileReference; fileEncoding = 4; lastKnownFileType = sourcecode.c.objc; path = main.m; sourceTree = "<group>"; };
		7CFD4AE919D5CDAA00005FE5 /* MCHomeViewController.h */ = {isa = PBXFileReference; fileEncoding = 4; lastKnownFileType = sourcecode.c.h; path = MCHomeViewController.h; sourceTree = "<group>"; };
		7CFD4AEA19D5CDAA00005FE5 /* MCHomeViewController.m */ = {isa = PBXFileReference; fileEncoding = 4; lastKnownFileType = sourcecode.c.objc; path = MCHomeViewController.m; sourceTree = "<group>"; };
		7CFD4AEC19D5CE4200005FE5 /* MCHomeViewLayout.h */ = {isa = PBXFileReference; fileEncoding = 4; lastKnownFileType = sourcecode.c.h; path = MCHomeViewLayout.h; sourceTree = "<group>"; };
		7CFD4AED19D5CE4200005FE5 /* MCHomeViewLayout.m */ = {isa = PBXFileReference; fileEncoding = 4; lastKnownFileType = sourcecode.c.objc; path = MCHomeViewLayout.m; sourceTree = "<group>"; };
		7CFD4AEF19D5CF7C00005FE5 /* MCUtilities.h */ = {isa = PBXFileReference; fileEncoding = 4; lastKnownFileType = sourcecode.c.h; path = MCUtilities.h; sourceTree = "<group>"; };
		7CFD4AF019D5CF7C00005FE5 /* MCUtilities.m */ = {isa = PBXFileReference; fileEncoding = 4; lastKnownFileType = sourcecode.c.objc; path = MCUtilities.m; sourceTree = "<group>"; };
		7CFD4AF219D5D37600005FE5 /* MCAppConstants.h */ = {isa = PBXFileReference; fileEncoding = 4; lastKnownFileType = sourcecode.c.h; path = MCAppConstants.h; sourceTree = "<group>"; };
		7CFD4AF519D5D4CC00005FE5 /* MCHomeViewCell.h */ = {isa = PBXFileReference; fileEncoding = 4; lastKnownFileType = sourcecode.c.h; path = MCHomeViewCell.h; sourceTree = "<group>"; };
		7CFD4AF619D5D4CC00005FE5 /* MCHomeViewCell.m */ = {isa = PBXFileReference; fileEncoding = 4; lastKnownFileType = sourcecode.c.objc; path = MCHomeViewCell.m; sourceTree = "<group>"; };
		7CFD4AFA19D5DF5000005FE5 /* din_boldalternate.ttf */ = {isa = PBXFileReference; lastKnownFileType = file; path = din_boldalternate.ttf; sourceTree = "<group>"; };
		7CFD4AFB19D5DF5000005FE5 /* din_mediumalternate.ttf */ = {isa = PBXFileReference; lastKnownFileType = file; path = din_mediumalternate.ttf; sourceTree = "<group>"; };
		7CFD4AFC19D5DF5000005FE5 /* interstate_regular.ttf */ = {isa = PBXFileReference; lastKnownFileType = file; path = interstate_regular.ttf; sourceTree = "<group>"; };
		7CFD4B0019D5E6F500005FE5 /* MCTipCreationViewController.h */ = {isa = PBXFileReference; fileEncoding = 4; lastKnownFileType = sourcecode.c.h; path = MCTipCreationViewController.h; sourceTree = "<group>"; };
		7CFD4B0119D5E6F500005FE5 /* MCTipCreationViewController.m */ = {isa = PBXFileReference; fileEncoding = 4; lastKnownFileType = sourcecode.c.objc; path = MCTipCreationViewController.m; sourceTree = "<group>"; };
		7CFD4B0419D5EEDE00005FE5 /* MCBackNavigationButtonView.h */ = {isa = PBXFileReference; fileEncoding = 4; lastKnownFileType = sourcecode.c.h; path = MCBackNavigationButtonView.h; sourceTree = "<group>"; };
		7CFD4B0519D5EEDE00005FE5 /* MCBackNavigationButtonView.m */ = {isa = PBXFileReference; fileEncoding = 4; lastKnownFileType = sourcecode.c.objc; path = MCBackNavigationButtonView.m; sourceTree = "<group>"; };
		7CFD4B0619D5EEDE00005FE5 /* MCBarButtonItemsFactory.h */ = {isa = PBXFileReference; fileEncoding = 4; lastKnownFileType = sourcecode.c.h; path = MCBarButtonItemsFactory.h; sourceTree = "<group>"; };
		7CFD4B0719D5EEDE00005FE5 /* MCBarButtonItemsFactory.m */ = {isa = PBXFileReference; fileEncoding = 4; lastKnownFileType = sourcecode.c.objc; path = MCBarButtonItemsFactory.m; sourceTree = "<group>"; };
		7CFD4B0819D5EEDE00005FE5 /* MCNavigationBarManager.h */ = {isa = PBXFileReference; fileEncoding = 4; lastKnownFileType = sourcecode.c.h; path = MCNavigationBarManager.h; sourceTree = "<group>"; };
		7CFD4B0919D5EEDE00005FE5 /* MCNavigationBarManager.m */ = {isa = PBXFileReference; fileEncoding = 4; lastKnownFileType = sourcecode.c.objc; path = MCNavigationBarManager.m; sourceTree = "<group>"; };
		7CFD4B0E19D5EFE800005FE5 /* back_icon@2x.png */ = {isa = PBXFileReference; lastKnownFileType = image.png; path = "back_icon@2x.png"; sourceTree = "<group>"; };
		7CFD4B1119D5FEFB00005FE5 /* MCDataCenter.h */ = {isa = PBXFileReference; fileEncoding = 4; lastKnownFileType = sourcecode.c.h; path = MCDataCenter.h; sourceTree = "<group>"; };
		7CFD4B1219D5FEFB00005FE5 /* MCDataCenter.m */ = {isa = PBXFileReference; fileEncoding = 4; lastKnownFileType = sourcecode.c.objc; path = MCDataCenter.m; sourceTree = "<group>"; };
		7CFD4B1619D5FF4100005FE5 /* MKBlockAdditions.h */ = {isa = PBXFileReference; fileEncoding = 4; lastKnownFileType = sourcecode.c.h; path = MKBlockAdditions.h; sourceTree = "<group>"; };
		7CFD4B1719D5FF4100005FE5 /* NSObject+MKBlockAdditions.h */ = {isa = PBXFileReference; fileEncoding = 4; lastKnownFileType = sourcecode.c.h; path = "NSObject+MKBlockAdditions.h"; sourceTree = "<group>"; };
		7CFD4B1819D5FF4100005FE5 /* NSObject+MKBlockAdditions.m */ = {isa = PBXFileReference; fileEncoding = 4; lastKnownFileType = sourcecode.c.objc; path = "NSObject+MKBlockAdditions.m"; sourceTree = "<group>"; };
		7CFD4B1919D5FF4100005FE5 /* UIActionSheet+MKBlockAdditions.h */ = {isa = PBXFileReference; fileEncoding = 4; lastKnownFileType = sourcecode.c.h; path = "UIActionSheet+MKBlockAdditions.h"; sourceTree = "<group>"; };
		7CFD4B1A19D5FF4100005FE5 /* UIActionSheet+MKBlockAdditions.m */ = {isa = PBXFileReference; fileEncoding = 4; lastKnownFileType = sourcecode.c.objc; path = "UIActionSheet+MKBlockAdditions.m"; sourceTree = "<group>"; };
		7CFD4B1B19D5FF4100005FE5 /* UIAlertView+MKBlockAdditions.h */ = {isa = PBXFileReference; fileEncoding = 4; lastKnownFileType = sourcecode.c.h; path = "UIAlertView+MKBlockAdditions.h"; sourceTree = "<group>"; };
		7CFD4B1C19D5FF4100005FE5 /* UIAlertView+MKBlockAdditions.m */ = {isa = PBXFileReference; fileEncoding = 4; lastKnownFileType = sourcecode.c.objc; path = "UIAlertView+MKBlockAdditions.m"; sourceTree = "<group>"; };
		7CFD4B1E19D5FF4100005FE5 /* Reachability.h */ = {isa = PBXFileReference; fileEncoding = 4; lastKnownFileType = sourcecode.c.h; path = Reachability.h; sourceTree = "<group>"; };
		7CFD4B1F19D5FF4100005FE5 /* Reachability.m */ = {isa = PBXFileReference; fileEncoding = 4; lastKnownFileType = sourcecode.c.objc; path = Reachability.m; sourceTree = "<group>"; };
		7CFD4B2419D5FF7000005FE5 /* PSPDFUIKitMainThreadGuard.m */ = {isa = PBXFileReference; fileEncoding = 4; lastKnownFileType = sourcecode.c.objc; path = PSPDFUIKitMainThreadGuard.m; sourceTree = "<group>"; };
		7CFD4B2519D5FF7000005FE5 /* UIView+Screenshot.h */ = {isa = PBXFileReference; fileEncoding = 4; lastKnownFileType = sourcecode.c.h; path = "UIView+Screenshot.h"; sourceTree = "<group>"; };
		7CFD4B2619D5FF7000005FE5 /* UIView+Screenshot.m */ = {isa = PBXFileReference; fileEncoding = 4; lastKnownFileType = sourcecode.c.objc; path = "UIView+Screenshot.m"; sourceTree = "<group>"; };
		EF631199123C407D90581AC1 /* libPods.a */ = {isa = PBXFileReference; explicitFileType = archive.ar; includeInIndex = 0; path = libPods.a; sourceTree = BUILT_PRODUCTS_DIR; };
/* End PBXFileReference section */

/* Begin PBXFrameworksBuildPhase section */
		7CFD4AA819D5BF0500005FE5 /* Frameworks */ = {
			isa = PBXFrameworksBuildPhase;
			buildActionMask = 2147483647;
			files = (
				22E88C6E180147CEBC686AC6 /* libPods.a in Frameworks */,
			);
			runOnlyForDeploymentPostprocessing = 0;
		};
		7CFD4AC119D5BF0500005FE5 /* Frameworks */ = {
			isa = PBXFrameworksBuildPhase;
			buildActionMask = 2147483647;
			files = (
			);
			runOnlyForDeploymentPostprocessing = 0;
		};
/* End PBXFrameworksBuildPhase section */

/* Begin PBXGroup section */
		4FB79168539648279269B736 /* Frameworks */ = {
			isa = PBXGroup;
			children = (
				EF631199123C407D90581AC1 /* libPods.a */,
			);
			name = Frameworks;
			sourceTree = "<group>";
		};
		7CFD4AA219D5BF0500005FE5 = {
			isa = PBXGroup;
			children = (
				7CFD4AAD19D5BF0500005FE5 /* MomConnect */,
				7CFD4AC719D5BF0500005FE5 /* MomConnectTests */,
				7CFD4AAC19D5BF0500005FE5 /* Products */,
				400BEC11E3F04839BD45D921 /* Pods.xcconfig */,
				4FB79168539648279269B736 /* Frameworks */,
			);
			sourceTree = "<group>";
		};
		7CFD4AAC19D5BF0500005FE5 /* Products */ = {
			isa = PBXGroup;
			children = (
				7CFD4AAB19D5BF0500005FE5 /* MomConnect.app */,
				7CFD4AC419D5BF0500005FE5 /* MomConnectTests.xctest */,
			);
			name = Products;
			sourceTree = "<group>";
		};
		7CFD4AAD19D5BF0500005FE5 /* MomConnect */ = {
			isa = PBXGroup;
			children = (
				7CFD4B1419D5FF3800005FE5 /* External */,
				7CFD4AD419D5CD4200005FE5 /* AppDelegate */,
				7CFD4AE219D5CD4200005FE5 /* ViewControllers */,
				7CFD4AE319D5CD4200005FE5 /* Views */,
				7CFD4ADD19D5CD4200005FE5 /* Models */,
				7CFD4B1019D5FEE500005FE5 /* DataCenter */,
				7CFD4AE119D5CD4200005FE5 /* Utilities */,
				7CFD4B0319D5EEDE00005FE5 /* NavigationItems */,
				7CFD4ADC19D5CD4200005FE5 /* Images */,
				7CFD4AF819D5DF5000005FE5 /* Resources */,
				7CFD4ADE19D5CD4200005FE5 /* SupportingFiles */,
				7CFD4AD719D5CD4200005FE5 /* Base.lproj */,
				7CFD4ABB19D5BF0500005FE5 /* Images.xcassets */,
			);
			path = MomConnect;
			sourceTree = "<group>";
		};
		7CFD4AC719D5BF0500005FE5 /* MomConnectTests */ = {
			isa = PBXGroup;
			children = (
				7CFD4ACA19D5BF0500005FE5 /* MomConnectTests.m */,
				7CFD4AC819D5BF0500005FE5 /* Supporting Files */,
			);
			path = MomConnectTests;
			sourceTree = "<group>";
		};
		7CFD4AC819D5BF0500005FE5 /* Supporting Files */ = {
			isa = PBXGroup;
			children = (
				7CFD4AC919D5BF0500005FE5 /* Info.plist */,
			);
			name = "Supporting Files";
			sourceTree = "<group>";
		};
		7CFD4AD419D5CD4200005FE5 /* AppDelegate */ = {
			isa = PBXGroup;
			children = (
				7CFD4AD519D5CD4200005FE5 /* AppDelegate.h */,
				7CFD4AD619D5CD4200005FE5 /* AppDelegate.m */,
			);
			path = AppDelegate;
			sourceTree = "<group>";
		};
		7CFD4AD719D5CD4200005FE5 /* Base.lproj */ = {
			isa = PBXGroup;
			children = (
				7CFD4AD819D5CD4200005FE5 /* LaunchScreen.xib */,
				7CFD4ADA19D5CD4200005FE5 /* Main.storyboard */,
			);
			path = Base.lproj;
			sourceTree = "<group>";
		};
		7CFD4ADC19D5CD4200005FE5 /* Images */ = {
			isa = PBXGroup;
			children = (
				7CFD4B0D19D5EFE800005FE5 /* Global */,
			);
			path = Images;
			sourceTree = "<group>";
		};
		7CFD4ADD19D5CD4200005FE5 /* Models */ = {
			isa = PBXGroup;
			children = (
				7CFD4AEC19D5CE4200005FE5 /* MCHomeViewLayout.h */,
				7CFD4AED19D5CE4200005FE5 /* MCHomeViewLayout.m */,
			);
			path = Models;
			sourceTree = "<group>";
		};
		7CFD4ADE19D5CD4200005FE5 /* SupportingFiles */ = {
			isa = PBXGroup;
			children = (
				7CFD4ADF19D5CD4200005FE5 /* Info.plist */,
				7CFD4AE019D5CD4200005FE5 /* main.m */,
			);
			path = SupportingFiles;
			sourceTree = "<group>";
		};
		7CFD4AE119D5CD4200005FE5 /* Utilities */ = {
			isa = PBXGroup;
			children = (
				7CFD4B2419D5FF7000005FE5 /* PSPDFUIKitMainThreadGuard.m */,
				7CFD4B2519D5FF7000005FE5 /* UIView+Screenshot.h */,
				7CFD4B2619D5FF7000005FE5 /* UIView+Screenshot.m */,
				7CFD4AEF19D5CF7C00005FE5 /* MCUtilities.h */,
				7CFD4AF019D5CF7C00005FE5 /* MCUtilities.m */,
				7CFD4AF219D5D37600005FE5 /* MCAppConstants.h */,
				76D33C0B19D604AD006E4020 /* PhoneField.h */,
				76D33C0C19D604AD006E4020 /* PhoneField.m */,
			);
			path = Utilities;
			sourceTree = "<group>";
		};
		7CFD4AE219D5CD4200005FE5 /* ViewControllers */ = {
			isa = PBXGroup;
			children = (
				7CFD4B0019D5E6F500005FE5 /* MCTipCreationViewController.h */,
				7CFD4B0119D5E6F500005FE5 /* MCTipCreationViewController.m */,
				7CFD4AE919D5CDAA00005FE5 /* MCHomeViewController.h */,
				7CFD4AEA19D5CDAA00005FE5 /* MCHomeViewController.m */,
				7697550219D5EC8000F467F0 /* MCSubscribeViewController.h */,
				7697550319D5EC8000F467F0 /* MCSubscribeViewController.m */,
			);
			path = ViewControllers;
			sourceTree = "<group>";
		};
		7CFD4AE319D5CD4200005FE5 /* Views */ = {
			isa = PBXGroup;
			children = (
				7CFD4AF519D5D4CC00005FE5 /* MCHomeViewCell.h */,
				7CFD4AF619D5D4CC00005FE5 /* MCHomeViewCell.m */,
			);
			path = Views;
			sourceTree = "<group>";
		};
		7CFD4AF819D5DF5000005FE5 /* Resources */ = {
			isa = PBXGroup;
			children = (
				7CFD4AF919D5DF5000005FE5 /* Fonts */,
			);
			path = Resources;
			sourceTree = "<group>";
		};
		7CFD4AF919D5DF5000005FE5 /* Fonts */ = {
			isa = PBXGroup;
			children = (
				7CFD4AFA19D5DF5000005FE5 /* din_boldalternate.ttf */,
				7CFD4AFB19D5DF5000005FE5 /* din_mediumalternate.ttf */,
				7CFD4AFC19D5DF5000005FE5 /* interstate_regular.ttf */,
			);
			path = Fonts;
			sourceTree = "<group>";
		};
		7CFD4B0319D5EEDE00005FE5 /* NavigationItems */ = {
			isa = PBXGroup;
			children = (
				7CFD4B0419D5EEDE00005FE5 /* MCBackNavigationButtonView.h */,
				7CFD4B0519D5EEDE00005FE5 /* MCBackNavigationButtonView.m */,
				7CFD4B0619D5EEDE00005FE5 /* MCBarButtonItemsFactory.h */,
				7CFD4B0719D5EEDE00005FE5 /* MCBarButtonItemsFactory.m */,
				7CFD4B0819D5EEDE00005FE5 /* MCNavigationBarManager.h */,
				7CFD4B0919D5EEDE00005FE5 /* MCNavigationBarManager.m */,
			);
			path = NavigationItems;
			sourceTree = "<group>";
		};
		7CFD4B0D19D5EFE800005FE5 /* Global */ = {
			isa = PBXGroup;
			children = (
				7CFD4B0E19D5EFE800005FE5 /* back_icon@2x.png */,
			);
			path = Global;
			sourceTree = "<group>";
		};
		7CFD4B1019D5FEE500005FE5 /* DataCenter */ = {
			isa = PBXGroup;
			children = (
				7CFD4B1119D5FEFB00005FE5 /* MCDataCenter.h */,
				7CFD4B1219D5FEFB00005FE5 /* MCDataCenter.m */,
			);
			path = DataCenter;
			sourceTree = "<group>";
		};
		7CFD4B1419D5FF3800005FE5 /* External */ = {
			isa = PBXGroup;
			children = (
				7CFD4B1519D5FF4100005FE5 /* MKAdditions */,
				7CFD4B1D19D5FF4100005FE5 /* Reachability */,
			);
			path = External;
			sourceTree = "<group>";
		};
		7CFD4B1519D5FF4100005FE5 /* MKAdditions */ = {
			isa = PBXGroup;
			children = (
				7CFD4B1619D5FF4100005FE5 /* MKBlockAdditions.h */,
				7CFD4B1719D5FF4100005FE5 /* NSObject+MKBlockAdditions.h */,
				7CFD4B1819D5FF4100005FE5 /* NSObject+MKBlockAdditions.m */,
				7CFD4B1919D5FF4100005FE5 /* UIActionSheet+MKBlockAdditions.h */,
				7CFD4B1A19D5FF4100005FE5 /* UIActionSheet+MKBlockAdditions.m */,
				7CFD4B1B19D5FF4100005FE5 /* UIAlertView+MKBlockAdditions.h */,
				7CFD4B1C19D5FF4100005FE5 /* UIAlertView+MKBlockAdditions.m */,
			);
			path = MKAdditions;
			sourceTree = "<group>";
		};
		7CFD4B1D19D5FF4100005FE5 /* Reachability */ = {
			isa = PBXGroup;
			children = (
				7CFD4B1E19D5FF4100005FE5 /* Reachability.h */,
				7CFD4B1F19D5FF4100005FE5 /* Reachability.m */,
			);
			path = Reachability;
			sourceTree = "<group>";
		};
/* End PBXGroup section */

/* Begin PBXNativeTarget section */
		7CFD4AAA19D5BF0500005FE5 /* MomConnect */ = {
			isa = PBXNativeTarget;
			buildConfigurationList = 7CFD4ACE19D5BF0500005FE5 /* Build configuration list for PBXNativeTarget "MomConnect" */;
			buildPhases = (
				3FD098A95C294204AEB55F4C /* Check Pods Manifest.lock */,
				7CFD4AA719D5BF0500005FE5 /* Sources */,
				7CFD4AA819D5BF0500005FE5 /* Frameworks */,
				7CFD4AA919D5BF0500005FE5 /* Resources */,
				988E5AF590F94C6BBC95414C /* Copy Pods Resources */,
			);
			buildRules = (
			);
			dependencies = (
			);
			name = MomConnect;
			productName = MomConnect;
			productReference = 7CFD4AAB19D5BF0500005FE5 /* MomConnect.app */;
			productType = "com.apple.product-type.application";
		};
		7CFD4AC319D5BF0500005FE5 /* MomConnectTests */ = {
			isa = PBXNativeTarget;
			buildConfigurationList = 7CFD4AD119D5BF0500005FE5 /* Build configuration list for PBXNativeTarget "MomConnectTests" */;
			buildPhases = (
				7CFD4AC019D5BF0500005FE5 /* Sources */,
				7CFD4AC119D5BF0500005FE5 /* Frameworks */,
				7CFD4AC219D5BF0500005FE5 /* Resources */,
			);
			buildRules = (
			);
			dependencies = (
				7CFD4AC619D5BF0500005FE5 /* PBXTargetDependency */,
			);
			name = MomConnectTests;
			productName = MomConnectTests;
			productReference = 7CFD4AC419D5BF0500005FE5 /* MomConnectTests.xctest */;
			productType = "com.apple.product-type.bundle.unit-test";
		};
/* End PBXNativeTarget section */

/* Begin PBXProject section */
		7CFD4AA319D5BF0500005FE5 /* Project object */ = {
			isa = PBXProject;
			attributes = {
				LastUpgradeCheck = 0600;
				ORGANIZATIONNAME = F22Labs;
				TargetAttributes = {
					7CFD4AAA19D5BF0500005FE5 = {
						CreatedOnToolsVersion = 6.0.1;
					};
					7CFD4AC319D5BF0500005FE5 = {
						CreatedOnToolsVersion = 6.0.1;
						TestTargetID = 7CFD4AAA19D5BF0500005FE5;
					};
				};
			};
			buildConfigurationList = 7CFD4AA619D5BF0500005FE5 /* Build configuration list for PBXProject "MomConnect" */;
			compatibilityVersion = "Xcode 3.2";
			developmentRegion = English;
			hasScannedForEncodings = 0;
			knownRegions = (
				en,
				Base,
			);
			mainGroup = 7CFD4AA219D5BF0500005FE5;
			productRefGroup = 7CFD4AAC19D5BF0500005FE5 /* Products */;
			projectDirPath = "";
			projectRoot = "";
			targets = (
				7CFD4AAA19D5BF0500005FE5 /* MomConnect */,
				7CFD4AC319D5BF0500005FE5 /* MomConnectTests */,
			);
		};
/* End PBXProject section */

/* Begin PBXResourcesBuildPhase section */
		7CFD4AA919D5BF0500005FE5 /* Resources */ = {
			isa = PBXResourcesBuildPhase;
			buildActionMask = 2147483647;
			files = (
				7CFD4AE719D5CD4200005FE5 /* Info.plist in Resources */,
				7CFD4AFD19D5DF5000005FE5 /* din_boldalternate.ttf in Resources */,
				7CFD4AE619D5CD4200005FE5 /* Main.storyboard in Resources */,
				7CFD4AE519D5CD4200005FE5 /* LaunchScreen.xib in Resources */,
				7CFD4AFF19D5DF5000005FE5 /* interstate_regular.ttf in Resources */,
				7CFD4AFE19D5DF5000005FE5 /* din_mediumalternate.ttf in Resources */,
				7CFD4B0F19D5EFE800005FE5 /* back_icon@2x.png in Resources */,
				7CFD4ABC19D5BF0500005FE5 /* Images.xcassets in Resources */,
			);
			runOnlyForDeploymentPostprocessing = 0;
		};
		7CFD4AC219D5BF0500005FE5 /* Resources */ = {
			isa = PBXResourcesBuildPhase;
			buildActionMask = 2147483647;
			files = (
			);
			runOnlyForDeploymentPostprocessing = 0;
		};
/* End PBXResourcesBuildPhase section */

/* Begin PBXShellScriptBuildPhase section */
		3FD098A95C294204AEB55F4C /* Check Pods Manifest.lock */ = {
			isa = PBXShellScriptBuildPhase;
			buildActionMask = 2147483647;
			files = (
			);
			inputPaths = (
			);
			name = "Check Pods Manifest.lock";
			outputPaths = (
			);
			runOnlyForDeploymentPostprocessing = 0;
			shellPath = /bin/sh;
			shellScript = "diff \"${PODS_ROOT}/../Podfile.lock\" \"${PODS_ROOT}/Manifest.lock\" > /dev/null\nif [[ $? != 0 ]] ; then\n    cat << EOM\nerror: The sandbox is not in sync with the Podfile.lock. Run 'pod install' or update your CocoaPods installation.\nEOM\n    exit 1\nfi\n";
			showEnvVarsInLog = 0;
		};
		988E5AF590F94C6BBC95414C /* Copy Pods Resources */ = {
			isa = PBXShellScriptBuildPhase;
			buildActionMask = 2147483647;
			files = (
			);
			inputPaths = (
			);
			name = "Copy Pods Resources";
			outputPaths = (
			);
			runOnlyForDeploymentPostprocessing = 0;
			shellPath = /bin/sh;
			shellScript = "\"${SRCROOT}/Pods/Pods-resources.sh\"\n";
			showEnvVarsInLog = 0;
		};
/* End PBXShellScriptBuildPhase section */

/* Begin PBXSourcesBuildPhase section */
		7CFD4AA719D5BF0500005FE5 /* Sources */ = {
			isa = PBXSourcesBuildPhase;
			buildActionMask = 2147483647;
			files = (
				7CFD4AE819D5CD4200005FE5 /* main.m in Sources */,
				7CFD4B2819D5FF7000005FE5 /* UIView+Screenshot.m in Sources */,
				7CFD4B2219D5FF4100005FE5 /* UIAlertView+MKBlockAdditions.m in Sources */,
				7CFD4B2119D5FF4100005FE5 /* UIActionSheet+MKBlockAdditions.m in Sources */,
				7CFD4AE419D5CD4200005FE5 /* AppDelegate.m in Sources */,
				7CFD4B2319D5FF4100005FE5 /* Reachability.m in Sources */,
				7CFD4B0C19D5EEDE00005FE5 /* MCNavigationBarManager.m in Sources */,
				7CFD4AEB19D5CDAA00005FE5 /* MCHomeViewController.m in Sources */,
				7CFD4AF719D5D4CC00005FE5 /* MCHomeViewCell.m in Sources */,
				7697550519D5EC8000F467F0 /* MCSubscribeViewController.m in Sources */,
				7CFD4AF119D5CF7C00005FE5 /* MCUtilities.m in Sources */,
				7CFD4B2719D5FF7000005FE5 /* PSPDFUIKitMainThreadGuard.m in Sources */,
				7CFD4B0A19D5EEDE00005FE5 /* MCBackNavigationButtonView.m in Sources */,
				7CFD4B2019D5FF4100005FE5 /* NSObject+MKBlockAdditions.m in Sources */,
				7CFD4B0B19D5EEDE00005FE5 /* MCBarButtonItemsFactory.m in Sources */,
				7CFD4B0219D5E6F500005FE5 /* MCTipCreationViewController.m in Sources */,
				7CFD4B1319D5FEFB00005FE5 /* MCDataCenter.m in Sources */,
				7CFD4AEE19D5CE4200005FE5 /* MCHomeViewLayout.m in Sources */,
				76D33C0D19D604AD006E4020 /* PhoneField.m in Sources */,
			);
			runOnlyForDeploymentPostprocessing = 0;
		};
		7CFD4AC019D5BF0500005FE5 /* Sources */ = {
			isa = PBXSourcesBuildPhase;
			buildActionMask = 2147483647;
			files = (
				7CFD4ACB19D5BF0500005FE5 /* MomConnectTests.m in Sources */,
			);
			runOnlyForDeploymentPostprocessing = 0;
		};
/* End PBXSourcesBuildPhase section */

/* Begin PBXTargetDependency section */
		7CFD4AC619D5BF0500005FE5 /* PBXTargetDependency */ = {
			isa = PBXTargetDependency;
			target = 7CFD4AAA19D5BF0500005FE5 /* MomConnect */;
			targetProxy = 7CFD4AC519D5BF0500005FE5 /* PBXContainerItemProxy */;
		};
/* End PBXTargetDependency section */

/* Begin PBXVariantGroup section */
		7CFD4AD819D5CD4200005FE5 /* LaunchScreen.xib */ = {
			isa = PBXVariantGroup;
			children = (
				7CFD4AD919D5CD4200005FE5 /* Base */,
			);
			name = LaunchScreen.xib;
			sourceTree = "<group>";
		};
		7CFD4ADA19D5CD4200005FE5 /* Main.storyboard */ = {
			isa = PBXVariantGroup;
			children = (
				7CFD4ADB19D5CD4200005FE5 /* Base */,
			);
			name = Main.storyboard;
			sourceTree = "<group>";
		};
/* End PBXVariantGroup section */

/* Begin XCBuildConfiguration section */
		7CFD4ACC19D5BF0500005FE5 /* Debug */ = {
			isa = XCBuildConfiguration;
			buildSettings = {
				ALWAYS_SEARCH_USER_PATHS = NO;
				CLANG_CXX_LANGUAGE_STANDARD = "gnu++0x";
				CLANG_CXX_LIBRARY = "libc++";
				CLANG_ENABLE_MODULES = YES;
				CLANG_ENABLE_OBJC_ARC = YES;
				CLANG_WARN_BOOL_CONVERSION = YES;
				CLANG_WARN_CONSTANT_CONVERSION = YES;
				CLANG_WARN_DIRECT_OBJC_ISA_USAGE = YES_ERROR;
				CLANG_WARN_EMPTY_BODY = YES;
				CLANG_WARN_ENUM_CONVERSION = YES;
				CLANG_WARN_INT_CONVERSION = YES;
				CLANG_WARN_OBJC_ROOT_CLASS = YES_ERROR;
				CLANG_WARN_UNREACHABLE_CODE = YES;
				CLANG_WARN__DUPLICATE_METHOD_MATCH = YES;
				"CODE_SIGN_IDENTITY[sdk=iphoneos*]" = "iPhone Developer";
				COPY_PHASE_STRIP = NO;
				ENABLE_STRICT_OBJC_MSGSEND = YES;
				GCC_C_LANGUAGE_STANDARD = gnu99;
				GCC_DYNAMIC_NO_PIC = NO;
				GCC_OPTIMIZATION_LEVEL = 0;
				GCC_PREPROCESSOR_DEFINITIONS = (
					"DEBUG=1",
					"$(inherited)",
				);
				GCC_SYMBOLS_PRIVATE_EXTERN = NO;
				GCC_WARN_64_TO_32_BIT_CONVERSION = YES;
				GCC_WARN_ABOUT_RETURN_TYPE = YES_ERROR;
				GCC_WARN_UNDECLARED_SELECTOR = YES;
				GCC_WARN_UNINITIALIZED_AUTOS = YES_AGGRESSIVE;
				GCC_WARN_UNUSED_FUNCTION = YES;
				GCC_WARN_UNUSED_VARIABLE = YES;
				IPHONEOS_DEPLOYMENT_TARGET = 8.0;
				MTL_ENABLE_DEBUG_INFO = YES;
				ONLY_ACTIVE_ARCH = YES;
				SDKROOT = iphoneos;
			};
			name = Debug;
		};
		7CFD4ACD19D5BF0500005FE5 /* Release */ = {
			isa = XCBuildConfiguration;
			buildSettings = {
				ALWAYS_SEARCH_USER_PATHS = NO;
				CLANG_CXX_LANGUAGE_STANDARD = "gnu++0x";
				CLANG_CXX_LIBRARY = "libc++";
				CLANG_ENABLE_MODULES = YES;
				CLANG_ENABLE_OBJC_ARC = YES;
				CLANG_WARN_BOOL_CONVERSION = YES;
				CLANG_WARN_CONSTANT_CONVERSION = YES;
				CLANG_WARN_DIRECT_OBJC_ISA_USAGE = YES_ERROR;
				CLANG_WARN_EMPTY_BODY = YES;
				CLANG_WARN_ENUM_CONVERSION = YES;
				CLANG_WARN_INT_CONVERSION = YES;
				CLANG_WARN_OBJC_ROOT_CLASS = YES_ERROR;
				CLANG_WARN_UNREACHABLE_CODE = YES;
				CLANG_WARN__DUPLICATE_METHOD_MATCH = YES;
				"CODE_SIGN_IDENTITY[sdk=iphoneos*]" = "iPhone Developer";
				COPY_PHASE_STRIP = YES;
				ENABLE_NS_ASSERTIONS = NO;
				ENABLE_STRICT_OBJC_MSGSEND = YES;
				GCC_C_LANGUAGE_STANDARD = gnu99;
				GCC_WARN_64_TO_32_BIT_CONVERSION = YES;
				GCC_WARN_ABOUT_RETURN_TYPE = YES_ERROR;
				GCC_WARN_UNDECLARED_SELECTOR = YES;
				GCC_WARN_UNINITIALIZED_AUTOS = YES_AGGRESSIVE;
				GCC_WARN_UNUSED_FUNCTION = YES;
				GCC_WARN_UNUSED_VARIABLE = YES;
				IPHONEOS_DEPLOYMENT_TARGET = 8.0;
				MTL_ENABLE_DEBUG_INFO = NO;
				SDKROOT = iphoneos;
				VALIDATE_PRODUCT = YES;
			};
			name = Release;
		};
		7CFD4ACF19D5BF0500005FE5 /* Debug */ = {
			isa = XCBuildConfiguration;
			baseConfigurationReference = 400BEC11E3F04839BD45D921 /* Pods.xcconfig */;
			buildSettings = {
				ASSETCATALOG_COMPILER_APPICON_NAME = AppIcon;
				INFOPLIST_FILE = "$(SRCROOT)/MomConnect/SupportingFiles/Info.plist";
				IPHONEOS_DEPLOYMENT_TARGET = 7.0;
				LD_RUNPATH_SEARCH_PATHS = "$(inherited) @executable_path/Frameworks";
				PRODUCT_NAME = "$(TARGET_NAME)";
			};
			name = Debug;
		};
		7CFD4AD019D5BF0500005FE5 /* Release */ = {
			isa = XCBuildConfiguration;
			baseConfigurationReference = 400BEC11E3F04839BD45D921 /* Pods.xcconfig */;
			buildSettings = {
				ASSETCATALOG_COMPILER_APPICON_NAME = AppIcon;
				INFOPLIST_FILE = "$(SRCROOT)/MomConnect/SupportingFiles/Info.plist";
				IPHONEOS_DEPLOYMENT_TARGET = 7.0;
				LD_RUNPATH_SEARCH_PATHS = "$(inherited) @executable_path/Frameworks";
				PRODUCT_NAME = "$(TARGET_NAME)";
			};
			name = Release;
		};
		7CFD4AD219D5BF0500005FE5 /* Debug */ = {
			isa = XCBuildConfiguration;
			buildSettings = {
				BUNDLE_LOADER = "$(TEST_HOST)";
				FRAMEWORK_SEARCH_PATHS = (
					"$(SDKROOT)/Developer/Library/Frameworks",
					"$(inherited)",
				);
				GCC_PREPROCESSOR_DEFINITIONS = (
					"DEBUG=1",
					"$(inherited)",
				);
				INFOPLIST_FILE = MomConnectTests/Info.plist;
				LD_RUNPATH_SEARCH_PATHS = "$(inherited) @executable_path/Frameworks @loader_path/Frameworks";
				PRODUCT_NAME = "$(TARGET_NAME)";
				TEST_HOST = "$(BUILT_PRODUCTS_DIR)/MomConnect.app/MomConnect";
			};
			name = Debug;
		};
		7CFD4AD319D5BF0500005FE5 /* Release */ = {
			isa = XCBuildConfiguration;
			buildSettings = {
				BUNDLE_LOADER = "$(TEST_HOST)";
				FRAMEWORK_SEARCH_PATHS = (
					"$(SDKROOT)/Developer/Library/Frameworks",
					"$(inherited)",
				);
				INFOPLIST_FILE = MomConnectTests/Info.plist;
				LD_RUNPATH_SEARCH_PATHS = "$(inherited) @executable_path/Frameworks @loader_path/Frameworks";
				PRODUCT_NAME = "$(TARGET_NAME)";
				TEST_HOST = "$(BUILT_PRODUCTS_DIR)/MomConnect.app/MomConnect";
			};
			name = Release;
		};
/* End XCBuildConfiguration section */

/* Begin XCConfigurationList section */
		7CFD4AA619D5BF0500005FE5 /* Build configuration list for PBXProject "MomConnect" */ = {
			isa = XCConfigurationList;
			buildConfigurations = (
				7CFD4ACC19D5BF0500005FE5 /* Debug */,
				7CFD4ACD19D5BF0500005FE5 /* Release */,
			);
			defaultConfigurationIsVisible = 0;
			defaultConfigurationName = Release;
		};
		7CFD4ACE19D5BF0500005FE5 /* Build configuration list for PBXNativeTarget "MomConnect" */ = {
			isa = XCConfigurationList;
			buildConfigurations = (
				7CFD4ACF19D5BF0500005FE5 /* Debug */,
				7CFD4AD019D5BF0500005FE5 /* Release */,
			);
			defaultConfigurationIsVisible = 0;
			defaultConfigurationName = Release;
		};
		7CFD4AD119D5BF0500005FE5 /* Build configuration list for PBXNativeTarget "MomConnectTests" */ = {
			isa = XCConfigurationList;
			buildConfigurations = (
				7CFD4AD219D5BF0500005FE5 /* Debug */,
				7CFD4AD319D5BF0500005FE5 /* Release */,
			);
			defaultConfigurationIsVisible = 0;
			defaultConfigurationName = Release;
		};
/* End XCConfigurationList section */
	};
	rootObject = 7CFD4AA319D5BF0500005FE5 /* Project object */;
}
